
Microsoft Visual Studio Solution File, Format Version 12.00
# Visual Studio Version 17
VisualStudioVersion = 17.0.31919.166
MinimumVisualStudioVersion = 10.0.40219.1
Project("{FAE04EC0-301F-11D3-BF4B-00C04F79EFBC}") = "Lab1", "Lab1\Lab1.csproj", "{1185297C-71FF-4292-8BF4-B7E9A3AC05E9}"
EndProject
Project("{54435603-DBB4-11D2-8724-00A0C9A8B90C}") = "Installer", "Installer\Installer.vdproj", "{B13C08CB-AF41-4E50-B7AF-D5AB73B9E314}"
EndProject
Global
	GlobalSection(SolutionConfigurationPlatforms) = preSolution
		Debug|Any CPU = Debug|Any CPU
		Release|Any CPU = Release|Any CPU
	EndGlobalSection
	GlobalSection(ProjectConfigurationPlatforms) = postSolution
		{1185297C-71FF-4292-8BF4-B7E9A3AC05E9}.Debug|Any CPU.ActiveCfg = Debug|Any CPU
		{1185297C-71FF-4292-8BF4-B7E9A3AC05E9}.Debug|Any CPU.Build.0 = Debug|Any CPU
		{1185297C-71FF-4292-8BF4-B7E9A3AC05E9}.Release|Any CPU.ActiveCfg = Release|Any CPU
		{1185297C-71FF-4292-8BF4-B7E9A3AC05E9}.Release|Any CPU.Build.0 = Release|Any CPU
		{B13C08CB-AF41-4E50-B7AF-D5AB73B9E314}.Debug|Any CPU.ActiveCfg = Debug
		{B13C08CB-AF41-4E50-B7AF-D5AB73B9E314}.Release|Any CPU.ActiveCfg = Release
	EndGlobalSection
	GlobalSection(SolutionProperties) = preSolution
		HideSolutionNode = FALSE
	EndGlobalSection
	GlobalSection(ExtensibilityGlobals) = postSolution
		SolutionGuid = {BFE9CD5A-904B-4E36-A183-65391CC4F9E5}
	EndGlobalSection
EndGlobal
